{
  "name": "@indot/error",
  "version": "0.0.1",
  "lockfileVersion": 1,
  "requires": true,
  "dependencies": {
    "@indot/tmclogger": {
      "version": "0.0.3",
      "resolved": "https://registry.npmjs.org/@indot/tmclogger/-/tmclogger-0.0.3.tgz",
      "integrity": "sha512-9TZeUrJmCEZLdWZh3AL+1M/XySbn7trcTfniwShcTYslq15lamQm/0NWcDO9AWKsUWXVBLgeX4ZSJZ+aDXWrzw=="
    }
  }
}
